{
  "name": "common-utils",
  "version": "0.0.57",
  "lockfileVersion": 2,
  "requires": true,
  "packages": {
    "": {
      "name": "common-utils",
      "version": "0.0.57",
      "license": "ISC",
      "dependencies": {
        "lodash": "^4.17.21",
        "moment": "^2.29.1",
        "parse-duration": "^1.0.2"
      },
      "engines": {
        "node": ">=12"
      }
    },
    "node_modules/lodash": {
      "version": "4.17.21",
      "resolved": "https://registry.npmjs.org/lodash/-/lodash-4.17.21.tgz",
      "integrity": "sha512-v2kDEe57lecTulaDIuNTPy3Ry4gLGJ6Z1O3vE1krgXZNrsQ+LFTGHVxVjcXPs17LhbZVGedAJv8XZ1tvj5FvSg=="
    },
    "node_modules/moment": {
      "version": "2.29.4",
      "resolved": "https://registry.npmjs.org/moment/-/moment-2.29.4.tgz",
      "integrity": "sha512-5LC9SOxjSc2HF6vO2CyuTDNivEdoz2IvyJJGj6X8DJ0eFyfszE0QiEd+iXmBvUP3WHxSjFH/vIsA0EN00cgr8w==",
      "engines": {
        "node": "*"
      }
    },
    "node_modules/parse-duration": {
      "version": "1.0.2",
      "resolved": "https://registry.npmjs.org/parse-duration/-/parse-duration-1.0.2.tgz",
      "integrity": "sha512-Dg27N6mfok+ow1a2rj/nRjtCfaKrHUZV2SJpEn/s8GaVUSlf4GGRCRP1c13Hj+wfPKVMrFDqLMLITkYKgKxyyg=="
    }
  },
  "dependencies": {
    "lodash": {
      "version": "4.17.21",
      "resolved": "https://registry.npmjs.org/lodash/-/lodash-4.17.21.tgz",
      "integrity": "sha512-v2kDEe57lecTulaDIuNTPy3Ry4gLGJ6Z1O3vE1krgXZNrsQ+LFTGHVxVjcXPs17LhbZVGedAJv8XZ1tvj5FvSg=="
    },
    "moment": {
      "version": "2.29.4",
      "resolved": "https://registry.npmjs.org/moment/-/moment-2.29.4.tgz",
      "integrity": "sha512-5LC9SOxjSc2HF6vO2CyuTDNivEdoz2IvyJJGj6X8DJ0eFyfszE0QiEd+iXmBvUP3WHxSjFH/vIsA0EN00cgr8w=="
    },
    "parse-duration": {
      "version": "1.0.2",
      "resolved": "https://registry.npmjs.org/parse-duration/-/parse-duration-1.0.2.tgz",
      "integrity": "sha512-Dg27N6mfok+ow1a2rj/nRjtCfaKrHUZV2SJpEn/s8GaVUSlf4GGRCRP1c13Hj+wfPKVMrFDqLMLITkYKgKxyyg=="
    }
  }
}
